PODS:
  - SDWebImage (4.0.0):
    - SDWebImage/Core (= 4.0.0)
  - SDWebImage/Core (4.0.0)
  - SKFPicPreview (1.0):
    - SDWebImage

DEPENDENCIES:
  - SKFPicPreview (from `../`)

EXTERNAL SOURCES:
  SKFPicPreview:
    :path: ../

SPEC CHECKSUMS:
  SDWebImage: 76a6348bdc74eb5a55dd08a091ef298e56b55e41
  SKFPicPreview: d62585404ec5bfad7a6893ac9029630d4343eb59

PODFILE CHECKSUM: 3895a093fd77457f8a9a2df135d3d74b06ef5156

COCOAPODS: 1.2.0.beta.1
