// !$*UTF8*$!
{
	archiveVersion = 1;
	classes = {
	};
	objectVersion = 46;
	objects = {

/* Begin PBXBuildFile section */
		1DA897321E7A8E1B0073B8EC /* KFCollectionCellTwo.m in Sources */ = {isa = PBXBuildFile; fileRef = 1DA897311E7A8E1B0073B8EC /* KFCollectionCellTwo.m */; };
		1DC876601E7931A300F5C75A /* KFCollectionCell.m in Sources */ = {isa = PBXBuildFile; fileRef = 1DC8765D1E7931A300F5C75A /* KFCollectionCell.m */; };
		1DC876641E7931B900F5C75A /* LxGridViewFlowLayout.m in Sources */ = {isa = PBXBuildFile; fileRef = 1DC876631E7931B900F5C75A /* LxGridViewFlowLayout.m */; };
		1DC876941E79324300F5C75A /* MKAnnotationView+WebCache.m in Sources */ = {isa = PBXBuildFile; fileRef = 1DC876741E79324300F5C75A /* MKAnnotationView+WebCache.m */; };
		1DC876951E79324300F5C75A /* NSData+ImageContentType.m in Sources */ = {isa = PBXBuildFile; fileRef = 1DC876761E79324300F5C75A /* NSData+ImageContentType.m */; };
		1DC876961E79324300F5C75A /* SDImageCache.m in Sources */ = {isa = PBXBuildFile; fileRef = 1DC876781E79324300F5C75A /* SDImageCache.m */; };
		1DC876971E79324300F5C75A /* SDWebImageCompat.m in Sources */ = {isa = PBXBuildFile; fileRef = 1DC8767A1E79324300F5C75A /* SDWebImageCompat.m */; };
		1DC876981E79324300F5C75A /* SDWebImageDecoder.m in Sources */ = {isa = PBXBuildFile; fileRef = 1DC8767C1E79324300F5C75A /* SDWebImageDecoder.m */; };
		1DC876991E79324300F5C75A /* SDWebImageDownloader.m in Sources */ = {isa = PBXBuildFile; fileRef = 1DC8767E1E79324300F5C75A /* SDWebImageDownloader.m */; };
		1DC8769A1E79324300F5C75A /* SDWebImageDownloaderOperation.m in Sources */ = {isa = PBXBuildFile; fileRef = 1DC876801E79324300F5C75A /* SDWebImageDownloaderOperation.m */; };
		1DC8769B1E79324300F5C75A /* SDWebImageManager.m in Sources */ = {isa = PBXBuildFile; fileRef = 1DC876821E79324300F5C75A /* SDWebImageManager.m */; };
		1DC8769C1E79324300F5C75A /* SDWebImagePrefetcher.m in Sources */ = {isa = PBXBuildFile; fileRef = 1DC876851E79324300F5C75A /* SDWebImagePrefetcher.m */; };
		1DC8769D1E79324300F5C75A /* UIButton+WebCache.m in Sources */ = {isa = PBXBuildFile; fileRef = 1DC876871E79324300F5C75A /* UIButton+WebCache.m */; };
		1DC8769E1E79324300F5C75A /* UIImage+GIF.m in Sources */ = {isa = PBXBuildFile; fileRef = 1DC876891E79324300F5C75A /* UIImage+GIF.m */; };
		1DC8769F1E79324300F5C75A /* UIImage+MultiFormat.m in Sources */ = {isa = PBXBuildFile; fileRef = 1DC8768B1E79324300F5C75A /* UIImage+MultiFormat.m */; };
		1DC876A01E79324300F5C75A /* UIImage+WebP.m in Sources */ = {isa = PBXBuildFile; fileRef = 1DC8768D1E79324300F5C75A /* UIImage+WebP.m */; };
		1DC876A11E79324300F5C75A /* UIImageView+HighlightedWebCache.m in Sources */ = {isa = PBXBuildFile; fileRef = 1DC8768F1E79324300F5C75A /* UIImageView+HighlightedWebCache.m */; };
		1DC876A21E79324300F5C75A /* UIImageView+WebCache.m in Sources */ = {isa = PBXBuildFile; fileRef = 1DC876911E79324300F5C75A /* UIImageView+WebCache.m */; };
		1DC876A31E79324300F5C75A /* UIView+WebCacheOperation.m in Sources */ = {isa = PBXBuildFile; fileRef = 1DC876931E79324300F5C75A /* UIView+WebCacheOperation.m */; };
		1DC876C11E79324B00F5C75A /* LLSimpleCamera+Helper.m in Sources */ = {isa = PBXBuildFile; fileRef = 1DC876A61E79324B00F5C75A /* LLSimpleCamera+Helper.m */; };
		1DC876C21E79324B00F5C75A /* LLSimpleCamera.m in Sources */ = {isa = PBXBuildFile; fileRef = 1DC876A81E79324B00F5C75A /* LLSimpleCamera.m */; };
		1DC876C31E79324B00F5C75A /* SKFCamera.bundle in Resources */ = {isa = PBXBuildFile; fileRef = 1DC876A91E79324B00F5C75A /* SKFCamera.bundle */; };
		1DC876C41E79324B00F5C75A /* SKFCamera.m in Sources */ = {isa = PBXBuildFile; fileRef = 1DC876AB1E79324B00F5C75A /* SKFCamera.m */; };
		1DC876C51E79324B00F5C75A /* TOActivityCroppedImageProvider.m in Sources */ = {isa = PBXBuildFile; fileRef = 1DC876AD1E79324B00F5C75A /* TOActivityCroppedImageProvider.m */; };
		1DC876C61E79324B00F5C75A /* TOCropOverlayView.m in Sources */ = {isa = PBXBuildFile; fileRef = 1DC876AF1E79324B00F5C75A /* TOCropOverlayView.m */; };
		1DC876C71E79324B00F5C75A /* TOCroppedImageAttributes.m in Sources */ = {isa = PBXBuildFile; fileRef = 1DC876B11E79324B00F5C75A /* TOCroppedImageAttributes.m */; };
		1DC876C81E79324B00F5C75A /* TOCropScrollView.m in Sources */ = {isa = PBXBuildFile; fileRef = 1DC876B31E79324B00F5C75A /* TOCropScrollView.m */; };
		1DC876C91E79324B00F5C75A /* TOCropToolbar.m in Sources */ = {isa = PBXBuildFile; fileRef = 1DC876B51E79324B00F5C75A /* TOCropToolbar.m */; };
		1DC876CA1E79324B00F5C75A /* TOCropView.m in Sources */ = {isa = PBXBuildFile; fileRef = 1DC876B71E79324B00F5C75A /* TOCropView.m */; };
		1DC876CB1E79324B00F5C75A /* TOCropViewController.m in Sources */ = {isa = PBXBuildFile; fileRef = 1DC876B91E79324B00F5C75A /* TOCropViewController.m */; };
		1DC876CC1E79324B00F5C75A /* TOCropViewControllerLocalizable.strings in Resources */ = {isa = PBXBuildFile; fileRef = 1DC876BA1E79324B00F5C75A /* TOCropViewControllerLocalizable.strings */; };
		1DC876CD1E79324B00F5C75A /* TOCropViewControllerTransitioning.m in Sources */ = {isa = PBXBuildFile; fileRef = 1DC876BC1E79324B00F5C75A /* TOCropViewControllerTransitioning.m */; };
		1DC876CE1E79324B00F5C75A /* UIImage+CropRotate.m in Sources */ = {isa = PBXBuildFile; fileRef = 1DC876BE1E79324B00F5C75A /* UIImage+CropRotate.m */; };
		1DC876CF1E79324B00F5C75A /* UIImage+FixOrientation.m in Sources */ = {isa = PBXBuildFile; fileRef = 1DC876C01E79324B00F5C75A /* UIImage+FixOrientation.m */; };
		1DC876D51E7933B100F5C75A /* ViewController.m in Sources */ = {isa = PBXBuildFile; fileRef = 1DC876D41E7933B100F5C75A /* ViewController.m */; };
		6003F58E195388D20070C39A /* Foundation.framework in Frameworks */ = {isa = PBXBuildFile; fileRef = 6003F58D195388D20070C39A /* Foundation.framework */; };
		6003F590195388D20070C39A /* CoreGraphics.framework in Frameworks */ = {isa = PBXBuildFile; fileRef = 6003F58F195388D20070C39A /* CoreGraphics.framework */; };
		6003F592195388D20070C39A /* UIKit.framework in Frameworks */ = {isa = PBXBuildFile; fileRef = 6003F591195388D20070C39A /* UIKit.framework */; };
		6003F598195388D20070C39A /* InfoPlist.strings in Resources */ = {isa = PBXBuildFile; fileRef = 6003F596195388D20070C39A /* InfoPlist.strings */; };
		6003F59A195388D20070C39A /* main.m in Sources */ = {isa = PBXBuildFile; fileRef = 6003F599195388D20070C39A /* main.m */; };
		6003F59E195388D20070C39A /* SKFAppDelegate.m in Sources */ = {isa = PBXBuildFile; fileRef = 6003F59D195388D20070C39A /* SKFAppDelegate.m */; };
		6003F5A9195388D20070C39A /* Images.xcassets in Resources */ = {isa = PBXBuildFile; fileRef = 6003F5A8195388D20070C39A /* Images.xcassets */; };
		6003F5B0195388D20070C39A /* XCTest.framework in Frameworks */ = {isa = PBXBuildFile; fileRef = 6003F5AF195388D20070C39A /* XCTest.framework */; };
		6003F5B1195388D20070C39A /* Foundation.framework in Frameworks */ = {isa = PBXBuildFile; fileRef = 6003F58D195388D20070C39A /* Foundation.framework */; };
		6003F5B2195388D20070C39A /* UIKit.framework in Frameworks */ = {isa = PBXBuildFile; fileRef = 6003F591195388D20070C39A /* UIKit.framework */; };
		6003F5BA195388D20070C39A /* InfoPlist.strings in Resources */ = {isa = PBXBuildFile; fileRef = 6003F5B8195388D20070C39A /* InfoPlist.strings */; };
		6003F5BC195388D20070C39A /* Tests.m in Sources */ = {isa = PBXBuildFile; fileRef = 6003F5BB195388D20070C39A /* Tests.m */; };
		71719F9F1E33DC2100824A3D /* LaunchScreen.storyboard in Resources */ = {isa = PBXBuildFile; fileRef = 71719F9D1E33DC2100824A3D /* LaunchScreen.storyboard */; };
		7900B84774329E727790D142 /* Pods_SKFPicPreview_Example.framework in Frameworks */ = {isa = PBXBuildFile; fileRef = 276C24622EEA99B018E6D158 /* Pods_SKFPicPreview_Example.framework */; };
		873B8AEB1B1F5CCA007FD442 /* Main.storyboard in Resources */ = {isa = PBXBuildFile; fileRef = 873B8AEA1B1F5CCA007FD442 /* Main.storyboard */; };
		9EF8333E2DC05CC45C077B64 /* Pods_SKFPicPreview_Tests.framework in Frameworks */ = {isa = PBXBuildFile; fileRef = BDEACC51433E0706535A9C0F /* Pods_SKFPicPreview_Tests.framework */; };
/* End PBXBuildFile section */

/* Begin PBXContainerItemProxy section */
		6003F5B3195388D20070C39A /* PBXContainerItemProxy */ = {
			isa = PBXContainerItemProxy;
			containerPortal = 6003F582195388D10070C39A /* Project object */;
			proxyType = 1;
			remoteGlobalIDString = 6003F589195388D20070C39A;
			remoteInfo = SKFPicPreview;
		};
/* End PBXContainerItemProxy section */

/* Begin PBXFileReference section */
		1DA897301E7A8E1B0073B8EC /* KFCollectionCellTwo.h */ = {isa = PBXFileReference; fileEncoding = 4; lastKnownFileType = sourcecode.c.h; path = KFCollectionCellTwo.h; sourceTree = "<group>"; };
		1DA897311E7A8E1B0073B8EC /* KFCollectionCellTwo.m */ = {isa = PBXFileReference; fileEncoding = 4; lastKnownFileType = sourcecode.c.objc; path = KFCollectionCellTwo.m; sourceTree = "<group>"; };
		1DC8765C1E7931A300F5C75A /* KFCollectionCell.h */ = {isa = PBXFileReference; fileEncoding = 4; lastKnownFileType = sourcecode.c.h; path = KFCollectionCell.h; sourceTree = "<group>"; };
		1DC8765D1E7931A300F5C75A /* KFCollectionCell.m */ = {isa = PBXFileReference; fileEncoding = 4; lastKnownFileType = sourcecode.c.objc; path = KFCollectionCell.m; sourceTree = "<group>"; };
		1DC876621E7931B900F5C75A /* LxGridViewFlowLayout.h */ = {isa = PBXFileReference; fileEncoding = 4; lastKnownFileType = sourcecode.c.h; path = LxGridViewFlowLayout.h; sourceTree = "<group>"; };
		1DC876631E7931B900F5C75A /* LxGridViewFlowLayout.m */ = {isa = PBXFileReference; fileEncoding = 4; lastKnownFileType = sourcecode.c.objc; path = LxGridViewFlowLayout.m; sourceTree = "<group>"; };
		1DC876731E79324300F5C75A /* MKAnnotationView+WebCache.h */ = {isa = PBXFileReference; fileEncoding = 4; lastKnownFileType = sourcecode.c.h; path = "MKAnnotationView+WebCache.h"; sourceTree = "<group>"; };
		1DC876741E79324300F5C75A /* MKAnnotationView+WebCache.m */ = {isa = PBXFileReference; fileEncoding = 4; lastKnownFileType = sourcecode.c.objc; path = "MKAnnotationView+WebCache.m"; sourceTree = "<group>"; };
		1DC876751E79324300F5C75A /* NSData+ImageContentType.h */ = {isa = PBXFileReference; fileEncoding = 4; lastKnownFileType = sourcecode.c.h; path = "NSData+ImageContentType.h"; sourceTree = "<group>"; };
		1DC876761E79324300F5C75A /* NSData+ImageContentType.m */ = {isa = PBXFileReference; fileEncoding = 4; lastKnownFileType = sourcecode.c.objc; path = "NSData+ImageContentType.m"; sourceTree = "<group>"; };
		1DC876771E79324300F5C75A /* SDImageCache.h */ = {isa = PBXFileReference; fileEncoding = 4; lastKnownFileType = sourcecode.c.h; path = SDImageCache.h; sourceTree = "<group>"; };
		1DC876781E79324300F5C75A /* SDImageCache.m */ = {isa = PBXFileReference; fileEncoding = 4; lastKnownFileType = sourcecode.c.objc; path = SDImageCache.m; sourceTree = "<group>"; };
		1DC876791E79324300F5C75A /* SDWebImageCompat.h */ = {isa = PBXFileReference; fileEncoding = 4; lastKnownFileType = sourcecode.c.h; path = SDWebImageCompat.h; sourceTree = "<group>"; };
		1DC8767A1E79324300F5C75A /* SDWebImageCompat.m */ = {isa = PBXFileReference; fileEncoding = 4; lastKnownFileType = sourcecode.c.objc; path = SDWebImageCompat.m; sourceTree = "<group>"; };
		1DC8767B1E79324300F5C75A /* SDWebImageDecoder.h */ = {isa = PBXFileReference; fileEncoding = 4; lastKnownFileType = sourcecode.c.h; path = SDWebImageDecoder.h; sourceTree = "<group>"; };
		1DC8767C1E79324300F5C75A /* SDWebImageDecoder.m */ = {isa = PBXFileReference; fileEncoding = 4; lastKnownFileType = sourcecode.c.objc; path = SDWebImageDecoder.m; sourceTree = "<group>"; };
		1DC8767D1E79324300F5C75A /* SDWebImageDownloader.h */ = {isa = PBXFileReference; fileEncoding = 4; lastKnownFileType = sourcecode.c.h; path = SDWebImageDownloader.h; sourceTree = "<group>"; };
		1DC8767E1E79324300F5C75A /* SDWebImageDownloader.m */ = {isa = PBXFileReference; fileEncoding = 4; lastKnownFileType = sourcecode.c.objc; path = SDWebImageDownloader.m; sourceTree = "<group>"; };
		1DC8767F1E79324300F5C75A /* SDWebImageDownloaderOperation.h */ = {isa = PBXFileReference; fileEncoding = 4; lastKnownFileType = sourcecode.c.h; path = SDWebImageDownloaderOperation.h; sourceTree = "<group>"; };
		1DC876801E79324300F5C75A /* SDWebImageDownloaderOperation.m */ = {isa = PBXFileReference; fileEncoding = 4; lastKnownFileType = sourcecode.c.objc; path = SDWebImageDownloaderOperation.m; sourceTree = "<group>"; };
		1DC876811E79324300F5C75A /* SDWebImageManager.h */ = {isa = PBXFileReference; fileEncoding = 4; lastKnownFileType = sourcecode.c.h; path = SDWebImageManager.h; sourceTree = "<group>"; };
		1DC876821E79324300F5C75A /* SDWebImageManager.m */ = {isa = PBXFileReference; fileEncoding = 4; lastKnownFileType = sourcecode.c.objc; path = SDWebImageManager.m; sourceTree = "<group>"; };
		1DC876831E79324300F5C75A /* SDWebImageOperation.h */ = {isa = PBXFileReference; fileEncoding = 4; lastKnownFileType = sourcecode.c.h; path = SDWebImageOperation.h; sourceTree = "<group>"; };
		1DC876841E79324300F5C75A /* SDWebImagePrefetcher.h */ = {isa = PBXFileReference; fileEncoding = 4; lastKnownFileType = sourcecode.c.h; path = SDWebImagePrefetcher.h; sourceTree = "<group>"; };
		1DC876851E79324300F5C75A /* SDWebImagePrefetcher.m */ = {isa = PBXFileReference; fileEncoding = 4; lastKnownFileType = sourcecode.c.objc; path = SDWebImagePrefetcher.m; sourceTree = "<group>"; };
		1DC876861E79324300F5C75A /* UIButton+WebCache.h */ = {isa = PBXFileReference; fileEncoding = 4; lastKnownFileType = sourcecode.c.h; path = "UIButton+WebCache.h"; sourceTree = "<group>"; };
		1DC876871E79324300F5C75A /* UIButton+WebCache.m */ = {isa = PBXFileReference; fileEncoding = 4; lastKnownFileType = sourcecode.c.objc; path = "UIButton+WebCache.m"; sourceTree = "<group>"; };
		1DC876881E79324300F5C75A /* UIImage+GIF.h */ = {isa = PBXFileReference; fileEncoding = 4; lastKnownFileType = sourcecode.c.h; path = "UIImage+GIF.h"; sourceTree = "<group>"; };
		1DC876891E79324300F5C75A /* UIImage+GIF.m */ = {isa = PBXFileReference; fileEncoding = 4; lastKnownFileType = sourcecode.c.objc; path = "UIImage+GIF.m"; sourceTree = "<group>"; };
		1DC8768A1E79324300F5C75A /* UIImage+MultiFormat.h */ = {isa = PBXFileReference; fileEncoding = 4; lastKnownFileType = sourcecode.c.h; path = "UIImage+MultiFormat.h"; sourceTree = "<group>"; };
		1DC8768B1E79324300F5C75A /* UIImage+MultiFormat.m */ = {isa = PBXFileReference; fileEncoding = 4; lastKnownFileType = sourcecode.c.objc; path = "UIImage+MultiFormat.m"; sourceTree = "<group>"; };
		1DC8768C1E79324300F5C75A /* UIImage+WebP.h */ = {isa = PBXFileReference; fileEncoding = 4; lastKnownFileType = sourcecode.c.h; path = "UIImage+WebP.h"; sourceTree = "<group>"; };
		1DC8768D1E79324300F5C75A /* UIImage+WebP.m */ = {isa = PBXFileReference; fileEncoding = 4; lastKnownFileType = sourcecode.c.objc; path = "UIImage+WebP.m"; sourceTree = "<group>"; };
		1DC8768E1E79324300F5C75A /* UIImageView+HighlightedWebCache.h */ = {isa = PBXFileReference; fileEncoding = 4; lastKnownFileType = sourcecode.c.h; path = "UIImageView+HighlightedWebCache.h"; sourceTree = "<group>"; };
		1DC8768F1E79324300F5C75A /* UIImageView+HighlightedWebCache.m */ = {isa = PBXFileReference; fileEncoding = 4; lastKnownFileType = sourcecode.c.objc; path = "UIImageView+HighlightedWebCache.m"; sourceTree = "<group>"; };
		1DC876901E79324300F5C75A /* UIImageView+WebCache.h */ = {isa = PBXFileReference; fileEncoding = 4; lastKnownFileType = sourcecode.c.h; path = "UIImageView+WebCache.h"; sourceTree = "<group>"; };
		1DC876911E79324300F5C75A /* UIImageView+WebCache.m */ = {isa = PBXFileReference; fileEncoding = 4; lastKnownFileType = sourcecode.c.objc; path = "UIImageView+WebCache.m"; sourceTree = "<group>"; };
		1DC876921E79324300F5C75A /* UIView+WebCacheOperation.h */ = {isa = PBXFileReference; fileEncoding = 4; lastKnownFileType = sourcecode.c.h; path = "UIView+WebCacheOperation.h"; sourceTree = "<group>"; };
		1DC876931E79324300F5C75A /* UIView+WebCacheOperation.m */ = {isa = PBXFileReference; fileEncoding = 4; lastKnownFileType = sourcecode.c.objc; path = "UIView+WebCacheOperation.m"; sourceTree = "<group>"; };
		1DC876A51E79324B00F5C75A /* LLSimpleCamera+Helper.h */ = {isa = PBXFileReference; fileEncoding = 4; lastKnownFileType = sourcecode.c.h; path = "LLSimpleCamera+Helper.h"; sourceTree = "<group>"; };
		1DC876A61E79324B00F5C75A /* LLSimpleCamera+Helper.m */ = {isa = PBXFileReference; fileEncoding = 4; lastKnownFileType = sourcecode.c.objc; path = "LLSimpleCamera+Helper.m"; sourceTree = "<group>"; };
		1DC876A71E79324B00F5C75A /* LLSimpleCamera.h */ = {isa = PBXFileReference; fileEncoding = 4; lastKnownFileType = sourcecode.c.h; path = LLSimpleCamera.h; sourceTree = "<group>"; };
		1DC876A81E79324B00F5C75A /* LLSimpleCamera.m */ = {isa = PBXFileReference; fileEncoding = 4; lastKnownFileType = sourcecode.c.objc; path = LLSimpleCamera.m; sourceTree = "<group>"; };
		1DC876A91E79324B00F5C75A /* SKFCamera.bundle */ = {isa = PBXFileReference; lastKnownFileType = "wrapper.plug-in"; path = SKFCamera.bundle; sourceTree = "<group>"; };
		1DC876AA1E79324B00F5C75A /* SKFCamera.h */ = {isa = PBXFileReference; fileEncoding = 4; lastKnownFileType = sourcecode.c.h; path = SKFCamera.h; sourceTree = "<group>"; };
		1DC876AB1E79324B00F5C75A /* SKFCamera.m */ = {isa = PBXFileReference; fileEncoding = 4; lastKnownFileType = sourcecode.c.objc; path = SKFCamera.m; sourceTree = "<group>"; };
		1DC876AC1E79324B00F5C75A /* TOActivityCroppedImageProvider.h */ = {isa = PBXFileReference; fileEncoding = 4; lastKnownFileType = sourcecode.c.h; path = TOActivityCroppedImageProvider.h; sourceTree = "<group>"; };
		1DC876AD1E79324B00F5C75A /* TOActivityCroppedImageProvider.m */ = {isa = PBXFileReference; fileEncoding = 4; lastKnownFileType = sourcecode.c.objc; path = TOActivityCroppedImageProvider.m; sourceTree = "<group>"; };
		1DC876AE1E79324B00F5C75A /* TOCropOverlayView.h */ = {isa = PBXFileReference; fileEncoding = 4; lastKnownFileType = sourcecode.c.h; path = TOCropOverlayView.h; sourceTree = "<group>"; };
		1DC876AF1E79324B00F5C75A /* TOCropOverlayView.m */ = {isa = PBXFileReference; fileEncoding = 4; lastKnownFileType = sourcecode.c.objc; path = TOCropOverlayView.m; sourceTree = "<group>"; };
		1DC876B01E79324B00F5C75A /* TOCroppedImageAttributes.h */ = {isa = PBXFileReference; fileEncoding = 4; lastKnownFileType = sourcecode.c.h; path = TOCroppedImageAttributes.h; sourceTree = "<group>"; };
		1DC876B11E79324B00F5C75A /* TOCroppedImageAttributes.m */ = {isa = PBXFileReference; fileEncoding = 4; lastKnownFileType = sourcecode.c.objc; path = TOCroppedImageAttributes.m; sourceTree = "<group>"; };
		1DC876B21E79324B00F5C75A /* TOCropScrollView.h */ = {isa = PBXFileReference; fileEncoding = 4; lastKnownFileType = sourcecode.c.h; path = TOCropScrollView.h; sourceTree = "<group>"; };
		1DC876B31E79324B00F5C75A /* TOCropScrollView.m */ = {isa = PBXFileReference; fileEncoding = 4; lastKnownFileType = sourcecode.c.objc; path = TOCropScrollView.m; sourceTree = "<group>"; };
		1DC876B41E79324B00F5C75A /* TOCropToolbar.h */ = {isa = PBXFileReference; fileEncoding = 4; lastKnownFileType = sourcecode.c.h; path = TOCropToolbar.h; sourceTree = "<group>"; };
		1DC876B51E79324B00F5C75A /* TOCropToolbar.m */ = {isa = PBXFileReference; fileEncoding = 4; lastKnownFileType = sourcecode.c.objc; path = TOCropToolbar.m; sourceTree = "<group>"; };
		1DC876B61E79324B00F5C75A /* TOCropView.h */ = {isa = PBXFileReference; fileEncoding = 4; lastKnownFileType = sourcecode.c.h; path = TOCropView.h; sourceTree = "<group>"; };
		1DC876B71E79324B00F5C75A /* TOCropView.m */ = {isa = PBXFileReference; fileEncoding = 4; lastKnownFileType = sourcecode.c.objc; path = TOCropView.m; sourceTree = "<group>"; };
		1DC876B81E79324B00F5C75A /* TOCropViewController.h */ = {isa = PBXFileReference; fileEncoding = 4; lastKnownFileType = sourcecode.c.h; path = TOCropViewController.h; sourceTree = "<group>"; };
		1DC876B91E79324B00F5C75A /* TOCropViewController.m */ = {isa = PBXFileReference; fileEncoding = 4; lastKnownFileType = sourcecode.c.objc; path = TOCropViewController.m; sourceTree = "<group>"; };
		1DC876BA1E79324B00F5C75A /* TOCropViewControllerLocalizable.strings */ = {isa = PBXFileReference; fileEncoding = 4; lastKnownFileType = text.plist.strings; path = TOCropViewControllerLocalizable.strings; sourceTree = "<group>"; };
		1DC876BB1E79324B00F5C75A /* TOCropViewControllerTransitioning.h */ = {isa = PBXFileReference; fileEncoding = 4; lastKnownFileType = sourcecode.c.h; path = TOCropViewControllerTransitioning.h; sourceTree = "<group>"; };
		1DC876BC1E79324B00F5C75A /* TOCropViewControllerTransitioning.m */ = {isa = PBXFileReference; fileEncoding = 4; lastKnownFileType = sourcecode.c.objc; path = TOCropViewControllerTransitioning.m; sourceTree = "<group>"; };
		1DC876BD1E79324B00F5C75A /* UIImage+CropRotate.h */ = {isa = PBXFileReference; fileEncoding = 4; lastKnownFileType = sourcecode.c.h; path = "UIImage+CropRotate.h"; sourceTree = "<group>"; };
		1DC876BE1E79324B00F5C75A /* UIImage+CropRotate.m */ = {isa = PBXFileReference; fileEncoding = 4; lastKnownFileType = sourcecode.c.objc; path = "UIImage+CropRotate.m"; sourceTree = "<group>"; };
		1DC876BF1E79324B00F5C75A /* UIImage+FixOrientation.h */ = {isa = PBXFileReference; fileEncoding = 4; lastKnownFileType = sourcecode.c.h; path = "UIImage+FixOrientation.h"; sourceTree = "<group>"; };
		1DC876C01E79324B00F5C75A /* UIImage+FixOrientation.m */ = {isa = PBXFileReference; fileEncoding = 4; lastKnownFileType = sourcecode.c.objc; path = "UIImage+FixOrientation.m"; sourceTree = "<group>"; };
		1DC876D31E7933B100F5C75A /* ViewController.h */ = {isa = PBXFileReference; fileEncoding = 4; lastKnownFileType = sourcecode.c.h; path = ViewController.h; sourceTree = "<group>"; };
		1DC876D41E7933B100F5C75A /* ViewController.m */ = {isa = PBXFileReference; fileEncoding = 4; lastKnownFileType = sourcecode.c.objc; path = ViewController.m; sourceTree = "<group>"; };
		276C24622EEA99B018E6D158 /* Pods_SKFPicPreview_Example.framework */ = {isa = PBXFileReference; explicitFileType = wrapper.framework; includeInIndex = 0; path = Pods_SKFPicPreview_Example.framework; sourceTree = BUILT_PRODUCTS_DIR; };
		33AE6F76E03BFE62BA1F9DDB /* SKFPicPreview.podspec */ = {isa = PBXFileReference; includeInIndex = 1; lastKnownFileType = text; name = SKFPicPreview.podspec; path = ../SKFPicPreview.podspec; sourceTree = "<group>"; };
		47A097A4536EAEF89365094E /* LICENSE */ = {isa = PBXFileReference; includeInIndex = 1; lastKnownFileType = text; name = LICENSE; path = ../LICENSE; sourceTree = "<group>"; };
		4F1D5BD385F03A20D08764CD /* README.md */ = {isa = PBXFileReference; includeInIndex = 1; lastKnownFileType = net.daringfireball.markdown; name = README.md; path = ../README.md; sourceTree = "<group>"; };
		516A3539CEC5B093204A30C6 /* Pods-SKFPicPreview_Tests.debug.xcconfig */ = {isa = PBXFileReference; includeInIndex = 1; lastKnownFileType = text.xcconfig; name = "Pods-SKFPicPreview_Tests.debug.xcconfig"; path = "Pods/Target Support Files/Pods-SKFPicPreview_Tests/Pods-SKFPicPreview_Tests.debug.xcconfig"; sourceTree = "<group>"; };
		6003F58A195388D20070C39A /* SKFPicPreview_Example.app */ = {isa = PBXFileReference; explicitFileType = wrapper.application; includeInIndex = 0; path = SKFPicPreview_Example.app; sourceTree = BUILT_PRODUCTS_DIR; };
		6003F58D195388D20070C39A /* Foundation.framework */ = {isa = PBXFileReference; lastKnownFileType = wrapper.framework; name = Foundation.framework; path = System/Library/Frameworks/Foundation.framework; sourceTree = SDKROOT; };
		6003F58F195388D20070C39A /* CoreGraphics.framework */ = {isa = PBXFileReference; lastKnownFileType = wrapper.framework; name = CoreGraphics.framework; path = System/Library/Frameworks/CoreGraphics.framework; sourceTree = SDKROOT; };
		6003F591195388D20070C39A /* UIKit.framework */ = {isa = PBXFileReference; lastKnownFileType = wrapper.framework; name = UIKit.framework; path = System/Library/Frameworks/UIKit.framework; sourceTree = SDKROOT; };
		6003F595195388D20070C39A /* SKFPicPreview-Info.plist */ = {isa = PBXFileReference; lastKnownFileType = text.plist.xml; path = "SKFPicPreview-Info.plist"; sourceTree = "<group>"; };
		6003F597195388D20070C39A /* en */ = {isa = PBXFileReference; lastKnownFileType = text.plist.strings; name = en; path = en.lproj/InfoPlist.strings; sourceTree = "<group>"; };
		6003F599195388D20070C39A /* main.m */ = {isa = PBXFileReference; lastKnownFileType = sourcecode.c.objc; path = main.m; sourceTree = "<group>"; };
		6003F59B195388D20070C39A /* SKFPicPreview-Prefix.pch */ = {isa = PBXFileReference; lastKnownFileType = sourcecode.c.h; path = "SKFPicPreview-Prefix.pch"; sourceTree = "<group>"; };
		6003F59C195388D20070C39A /* SKFAppDelegate.h */ = {isa = PBXFileReference; lastKnownFileType = sourcecode.c.h; path = SKFAppDelegate.h; sourceTree = "<group>"; };
		6003F59D195388D20070C39A /* SKFAppDelegate.m */ = {isa = PBXFileReference; lastKnownFileType = sourcecode.c.objc; path = SKFAppDelegate.m; sourceTree = "<group>"; };
		6003F5A8195388D20070C39A /* Images.xcassets */ = {isa = PBXFileReference; lastKnownFileType = folder.assetcatalog; path = Images.xcassets; sourceTree = "<group>"; };
		6003F5AE195388D20070C39A /* SKFPicPreview_Tests.xctest */ = {isa = PBXFileReference; explicitFileType = wrapper.cfbundle; includeInIndex = 0; path = SKFPicPreview_Tests.xctest; sourceTree = BUILT_PRODUCTS_DIR; };
		6003F5AF195388D20070C39A /* XCTest.framework */ = {isa = PBXFileReference; lastKnownFileType = wrapper.framework; name = XCTest.framework; path = Library/Frameworks/XCTest.framework; sourceTree = DEVELOPER_DIR; };
		6003F5B7195388D20070C39A /* Tests-Info.plist */ = {isa = PBXFileReference; lastKnownFileType = text.plist.xml; path = "Tests-Info.plist"; sourceTree = "<group>"; };
		6003F5B9195388D20070C39A /* en */ = {isa = PBXFileReference; lastKnownFileType = text.plist.strings; name = en; path = en.lproj/InfoPlist.strings; sourceTree = "<group>"; };
		6003F5BB195388D20070C39A /* Tests.m */ = {isa = PBXFileReference; lastKnownFileType = sourcecode.c.objc; path = Tests.m; sourceTree = "<group>"; };
		606FC2411953D9B200FFA9A0 /* Tests-Prefix.pch */ = {isa = PBXFileReference; lastKnownFileType = sourcecode.c.h; path = "Tests-Prefix.pch"; sourceTree = "<group>"; };
		6FFCB1FC79C7184B6EFE0804 /* Pods-SKFPicPreview_Example.release.xcconfig */ = {isa = PBXFileReference; includeInIndex = 1; lastKnownFileType = text.xcconfig; name = "Pods-SKFPicPreview_Example.release.xcconfig"; path = "Pods/Target Support Files/Pods-SKFPicPreview_Example/Pods-SKFPicPreview_Example.release.xcconfig"; sourceTree = "<group>"; };
		71719F9E1E33DC2100824A3D /* Base */ = {isa = PBXFileReference; lastKnownFileType = file.storyboard; name = Base; path = Base.lproj/LaunchScreen.storyboard; sourceTree = "<group>"; };
		873B8AEA1B1F5CCA007FD442 /* Main.storyboard */ = {isa = PBXFileReference; fileEncoding = 4; lastKnownFileType = file.storyboard; name = Main.storyboard; path = Base.lproj/Main.storyboard; sourceTree = "<group>"; };
		87AFCC45D478602F9A502EFC /* Pods-SKFPicPreview_Tests.release.xcconfig */ = {isa = PBXFileReference; includeInIndex = 1; lastKnownFileType = text.xcconfig; name = "Pods-SKFPicPreview_Tests.release.xcconfig"; path = "Pods/Target Support Files/Pods-SKFPicPreview_Tests/Pods-SKFPicPreview_Tests.release.xcconfig"; sourceTree = "<group>"; };
		9F1237F6B34FD759DC8BB3ED /* Pods-SKFPicPreview_Example.debug.xcconfig */ = {isa = PBXFileReference; includeInIndex = 1; lastKnownFileType = text.xcconfig; name = "Pods-SKFPicPreview_Example.debug.xcconfig"; path = "Pods/Target Support Files/Pods-SKFPicPreview_Example/Pods-SKFPicPreview_Example.debug.xcconfig"; sourceTree = "<group>"; };
		BDEACC51433E0706535A9C0F /* Pods_SKFPicPreview_Tests.framework */ = {isa = PBXFileReference; explicitFileType = wrapper.framework; includeInIndex = 0; path = Pods_SKFPicPreview_Tests.framework; sourceTree = BUILT_PRODUCTS_DIR; };
/* End PBXFileReference section */

/* Begin PBXFrameworksBuildPhase section */
		6003F587195388D20070C39A /* Frameworks */ = {
			isa = PBXFrameworksBuildPhase;
			buildActionMask = 2147483647;
			files = (
				6003F590195388D20070C39A /* CoreGraphics.framework in Frameworks */,
				6003F592195388D20070C39A /* UIKit.framework in Frameworks */,
				6003F58E195388D20070C39A /* Foundation.framework in Frameworks */,
				7900B84774329E727790D142 /* Pods_SKFPicPreview_Example.framework in Frameworks */,
			);
			runOnlyForDeploymentPostprocessing = 0;
		};
		6003F5AB195388D20070C39A /* Frameworks */ = {
			isa = PBXFrameworksBuildPhase;
			buildActionMask = 2147483647;
			files = (
				6003F5B0195388D20070C39A /* XCTest.framework in Frameworks */,
				6003F5B2195388D20070C39A /* UIKit.framework in Frameworks */,
				6003F5B1195388D20070C39A /* Foundation.framework in Frameworks */,
				9EF8333E2DC05CC45C077B64 /* Pods_SKFPicPreview_Tests.framework in Frameworks */,
			);
			runOnlyForDeploymentPostprocessing = 0;
		};
/* End PBXFrameworksBuildPhase section */

/* Begin PBXGroup section */
		1DC876721E79324300F5C75A /* SDWebImage */ = {
			isa = PBXGroup;
			children = (
				1DC876731E79324300F5C75A /* MKAnnotationView+WebCache.h */,
				1DC876741E79324300F5C75A /* MKAnnotationView+WebCache.m */,
				1DC876751E79324300F5C75A /* NSData+ImageContentType.h */,
				1DC876761E79324300F5C75A /* NSData+ImageContentType.m */,
				1DC876771E79324300F5C75A /* SDImageCache.h */,
				1DC876781E79324300F5C75A /* SDImageCache.m */,
				1DC876791E79324300F5C75A /* SDWebImageCompat.h */,
				1DC8767A1E79324300F5C75A /* SDWebImageCompat.m */,
				1DC8767B1E79324300F5C75A /* SDWebImageDecoder.h */,
				1DC8767C1E79324300F5C75A /* SDWebImageDecoder.m */,
				1DC8767D1E79324300F5C75A /* SDWebImageDownloader.h */,
				1DC8767E1E79324300F5C75A /* SDWebImageDownloader.m */,
				1DC8767F1E79324300F5C75A /* SDWebImageDownloaderOperation.h */,
				1DC876801E79324300F5C75A /* SDWebImageDownloaderOperation.m */,
				1DC876811E79324300F5C75A /* SDWebImageManager.h */,
				1DC876821E79324300F5C75A /* SDWebImageManager.m */,
				1DC876831E79324300F5C75A /* SDWebImageOperation.h */,
				1DC876841E79324300F5C75A /* SDWebImagePrefetcher.h */,
				1DC876851E79324300F5C75A /* SDWebImagePrefetcher.m */,
				1DC876861E79324300F5C75A /* UIButton+WebCache.h */,
				1DC876871E79324300F5C75A /* UIButton+WebCache.m */,
				1DC876881E79324300F5C75A /* UIImage+GIF.h */,
				1DC876891E79324300F5C75A /* UIImage+GIF.m */,
				1DC8768A1E79324300F5C75A /* UIImage+MultiFormat.h */,
				1DC8768B1E79324300F5C75A /* UIImage+MultiFormat.m */,
				1DC8768C1E79324300F5C75A /* UIImage+WebP.h */,
				1DC8768D1E79324300F5C75A /* UIImage+WebP.m */,
				1DC8768E1E79324300F5C75A /* UIImageView+HighlightedWebCache.h */,
				1DC8768F1E79324300F5C75A /* UIImageView+HighlightedWebCache.m */,
				1DC876901E79324300F5C75A /* UIImageView+WebCache.h */,
				1DC876911E79324300F5C75A /* UIImageView+WebCache.m */,
				1DC876921E79324300F5C75A /* UIView+WebCacheOperation.h */,
				1DC876931E79324300F5C75A /* UIView+WebCacheOperation.m */,
			);
			path = SDWebImage;
			sourceTree = "<group>";
		};
		1DC876A41E79324B00F5C75A /* SKFCamera */ = {
			isa = PBXGroup;
			children = (
				1DC876A51E79324B00F5C75A /* LLSimpleCamera+Helper.h */,
				1DC876A61E79324B00F5C75A /* LLSimpleCamera+Helper.m */,
				1DC876A71E79324B00F5C75A /* LLSimpleCamera.h */,
				1DC876A81E79324B00F5C75A /* LLSimpleCamera.m */,
				1DC876A91E79324B00F5C75A /* SKFCamera.bundle */,
				1DC876AA1E79324B00F5C75A /* SKFCamera.h */,
				1DC876AB1E79324B00F5C75A /* SKFCamera.m */,
				1DC876AC1E79324B00F5C75A /* TOActivityCroppedImageProvider.h */,
				1DC876AD1E79324B00F5C75A /* TOActivityCroppedImageProvider.m */,
				1DC876AE1E79324B00F5C75A /* TOCropOverlayView.h */,
				1DC876AF1E79324B00F5C75A /* TOCropOverlayView.m */,
				1DC876B01E79324B00F5C75A /* TOCroppedImageAttributes.h */,
				1DC876B11E79324B00F5C75A /* TOCroppedImageAttributes.m */,
				1DC876B21E79324B00F5C75A /* TOCropScrollView.h */,
				1DC876B31E79324B00F5C75A /* TOCropScrollView.m */,
				1DC876B41E79324B00F5C75A /* TOCropToolbar.h */,
				1DC876B51E79324B00F5C75A /* TOCropToolbar.m */,
				1DC876B61E79324B00F5C75A /* TOCropView.h */,
				1DC876B71E79324B00F5C75A /* TOCropView.m */,
				1DC876B81E79324B00F5C75A /* TOCropViewController.h */,
				1DC876B91E79324B00F5C75A /* TOCropViewController.m */,
				1DC876BA1E79324B00F5C75A /* TOCropViewControllerLocalizable.strings */,
				1DC876BB1E79324B00F5C75A /* TOCropViewControllerTransitioning.h */,
				1DC876BC1E79324B00F5C75A /* TOCropViewControllerTransitioning.m */,
				1DC876BD1E79324B00F5C75A /* UIImage+CropRotate.h */,
				1DC876BE1E79324B00F5C75A /* UIImage+CropRotate.m */,
				1DC876BF1E79324B00F5C75A /* UIImage+FixOrientation.h */,
				1DC876C01E79324B00F5C75A /* UIImage+FixOrientation.m */,
			);
			path = SKFCamera;
			sourceTree = "<group>";
		};
		6003F581195388D10070C39A = {
			isa = PBXGroup;
			children = (
				60FF7A9C1954A5C5007DD14C /* Podspec Metadata */,
				6003F593195388D20070C39A /* Example for SKFPicPreview */,
				6003F5B5195388D20070C39A /* Tests */,
				6003F58C195388D20070C39A /* Frameworks */,
				6003F58B195388D20070C39A /* Products */,
				E641A8A6ADE1EAE136995F89 /* Pods */,
			);
			sourceTree = "<group>";
		};
		6003F58B195388D20070C39A /* Products */ = {
			isa = PBXGroup;
			children = (
				6003F58A195388D20070C39A /* SKFPicPreview_Example.app */,
				6003F5AE195388D20070C39A /* SKFPicPreview_Tests.xctest */,
			);
			name = Products;
			sourceTree = "<group>";
		};
		6003F58C195388D20070C39A /* Frameworks */ = {
			isa = PBXGroup;
			children = (
				6003F58D195388D20070C39A /* Foundation.framework */,
				6003F58F195388D20070C39A /* CoreGraphics.framework */,
				6003F591195388D20070C39A /* UIKit.framework */,
				6003F5AF195388D20070C39A /* XCTest.framework */,
				276C24622EEA99B018E6D158 /* Pods_SKFPicPreview_Example.framework */,
				BDEACC51433E0706535A9C0F /* Pods_SKFPicPreview_Tests.framework */,
			);
			name = Frameworks;
			sourceTree = "<group>";
		};
		6003F593195388D20070C39A /* Example for SKFPicPreview */ = {
			isa = PBXGroup;
			children = (
				1DC876A41E79324B00F5C75A /* SKFCamera */,
				1DC876721E79324300F5C75A /* SDWebImage */,
				1DC876621E7931B900F5C75A /* LxGridViewFlowLayout.h */,
				1DC876631E7931B900F5C75A /* LxGridViewFlowLayout.m */,
				6003F59C195388D20070C39A /* SKFAppDelegate.h */,
				6003F59D195388D20070C39A /* SKFAppDelegate.m */,
				1DC876D31E7933B100F5C75A /* ViewController.h */,
				1DC876D41E7933B100F5C75A /* ViewController.m */,
				873B8AEA1B1F5CCA007FD442 /* Main.storyboard */,
				1DC8765C1E7931A300F5C75A /* KFCollectionCell.h */,
				1DA897301E7A8E1B0073B8EC /* KFCollectionCellTwo.h */,
				1DA897311E7A8E1B0073B8EC /* KFCollectionCellTwo.m */,
				1DC8765D1E7931A300F5C75A /* KFCollectionCell.m */,
				71719F9D1E33DC2100824A3D /* LaunchScreen.storyboard */,
				6003F5A8195388D20070C39A /* Images.xcassets */,
				6003F594195388D20070C39A /* Supporting Files */,
			);
			name = "Example for SKFPicPreview";
			path = SKFPicPreview;
			sourceTree = "<group>";
		};
		6003F594195388D20070C39A /* Supporting Files */ = {
			isa = PBXGroup;
			children = (
				6003F595195388D20070C39A /* SKFPicPreview-Info.plist */,
				6003F596195388D20070C39A /* InfoPlist.strings */,
				6003F599195388D20070C39A /* main.m */,
				6003F59B195388D20070C39A /* SKFPicPreview-Prefix.pch */,
			);
			name = "Supporting Files";
			sourceTree = "<group>";
		};
		6003F5B5195388D20070C39A /* Tests */ = {
			isa = PBXGroup;
			children = (
				6003F5BB195388D20070C39A /* Tests.m */,
				6003F5B6195388D20070C39A /* Supporting Files */,
			);
			path = Tests;
			sourceTree = "<group>";
		};
		6003F5B6195388D20070C39A /* Supporting Files */ = {
			isa = PBXGroup;
			children = (
				6003F5B7195388D20070C39A /* Tests-Info.plist */,
				6003F5B8195388D20070C39A /* InfoPlist.strings */,
				606FC2411953D9B200FFA9A0 /* Tests-Prefix.pch */,
			);
			name = "Supporting Files";
			sourceTree = "<group>";
		};
		60FF7A9C1954A5C5007DD14C /* Podspec Metadata */ = {
			isa = PBXGroup;
			children = (
				33AE6F76E03BFE62BA1F9DDB /* SKFPicPreview.podspec */,
				4F1D5BD385F03A20D08764CD /* README.md */,
				47A097A4536EAEF89365094E /* LICENSE */,
			);
			name = "Podspec Metadata";
			sourceTree = "<group>";
		};
		E641A8A6ADE1EAE136995F89 /* Pods */ = {
			isa = PBXGroup;
			children = (
				9F1237F6B34FD759DC8BB3ED /* Pods-SKFPicPreview_Example.debug.xcconfig */,
				6FFCB1FC79C7184B6EFE0804 /* Pods-SKFPicPreview_Example.release.xcconfig */,
				516A3539CEC5B093204A30C6 /* Pods-SKFPicPreview_Tests.debug.xcconfig */,
				87AFCC45D478602F9A502EFC /* Pods-SKFPicPreview_Tests.release.xcconfig */,
			);
			name = Pods;
			sourceTree = "<group>";
		};
/* End PBXGroup section */

/* Begin PBXNativeTarget section */
		6003F589195388D20070C39A /* SKFPicPreview_Example */ = {
			isa = PBXNativeTarget;
			buildConfigurationList = 6003F5BF195388D20070C39A /* Build configuration list for PBXNativeTarget "SKFPicPreview_Example" */;
			buildPhases = (
				B29F4D294AFA47CE0E6269C9 /* [CP] Check Pods Manifest.lock */,
				6003F586195388D20070C39A /* Sources */,
				6003F587195388D20070C39A /* Frameworks */,
				6003F588195388D20070C39A /* Resources */,
				E556ED1D84364A4B38B57205 /* [CP] Embed Pods Frameworks */,
				F6627CA8DE78019B8CF1FACC /* [CP] Copy Pods Resources */,
			);
			buildRules = (
			);
			dependencies = (
			);
			name = SKFPicPreview_Example;
			productName = SKFPicPreview;
			productReference = 6003F58A195388D20070C39A /* SKFPicPreview_Example.app */;
			productType = "com.apple.product-type.application";
		};
		6003F5AD195388D20070C39A /* SKFPicPreview_Tests */ = {
			isa = PBXNativeTarget;
			buildConfigurationList = 6003F5C2195388D20070C39A /* Build configuration list for PBXNativeTarget "SKFPicPreview_Tests" */;
			buildPhases = (
				8CE932AE514A52AA5C1229FF /* [CP] Check Pods Manifest.lock */,
				6003F5AA195388D20070C39A /* Sources */,
				6003F5AB195388D20070C39A /* Frameworks */,
				6003F5AC195388D20070C39A /* Resources */,
				8D6ECB508DE6E118A2417F72 /* [CP] Embed Pods Frameworks */,
				0B6A446EDBB561D353157E26 /* [CP] Copy Pods Resources */,
			);
			buildRules = (
			);
			dependencies = (
				6003F5B4195388D20070C39A /* PBXTargetDependency */,
			);
			name = SKFPicPreview_Tests;
			productName = SKFPicPreviewTests;
			productReference = 6003F5AE195388D20070C39A /* SKFPicPreview_Tests.xctest */;
			productType = "com.apple.product-type.bundle.unit-test";
		};
/* End PBXNativeTarget section */

/* Begin PBXProject section */
		6003F582195388D10070C39A /* Project object */ = {
			isa = PBXProject;
			attributes = {
				CLASSPREFIX = SKF;
				LastUpgradeCheck = 0720;
				ORGANIZATIONNAME = wubianxiaoxian;
				TargetAttributes = {
					6003F589195388D20070C39A = {
						DevelopmentTeam = G5GYNRM6SE;
					};
					6003F5AD195388D20070C39A = {
						TestTargetID = 6003F589195388D20070C39A;
					};
				};
			};
			buildConfigurationList = 6003F585195388D10070C39A /* Build configuration list for PBXProject "SKFPicPreview" */;
			compatibilityVersion = "Xcode 3.2";
			developmentRegion = English;
			hasScannedForEncodings = 0;
			knownRegions = (
				en,
				Base,
			);
			mainGroup = 6003F581195388D10070C39A;
			productRefGroup = 6003F58B195388D20070C39A /* Products */;
			projectDirPath = "";
			projectRoot = "";
			targets = (
				6003F589195388D20070C39A /* SKFPicPreview_Example */,
				6003F5AD195388D20070C39A /* SKFPicPreview_Tests */,
			);
		};
/* End PBXProject section */

/* Begin PBXResourcesBuildPhase section */
		6003F588195388D20070C39A /* Resources */ = {
			isa = PBXResourcesBuildPhase;
			buildActionMask = 2147483647;
			files = (
				873B8AEB1B1F5CCA007FD442 /* Main.storyboard in Resources */,
				71719F9F1E33DC2100824A3D /* LaunchScreen.storyboard in Resources */,
				1DC876C31E79324B00F5C75A /* SKFCamera.bundle in Resources */,
				6003F5A9195388D20070C39A /* Images.xcassets in Resources */,
				6003F598195388D20070C39A /* InfoPlist.strings in Resources */,
				1DC876CC1E79324B00F5C75A /* TOCropViewControllerLocalizable.strings in Resources */,
			);
			runOnlyForDeploymentPostprocessing = 0;
		};
		6003F5AC195388D20070C39A /* Resources */ = {
			isa = PBXResourcesBuildPhase;
			buildActionMask = 2147483647;
			files = (
				6003F5BA195388D20070C39A /* InfoPlist.strings in Resources */,
			);
			runOnlyForDeploymentPostprocessing = 0;
		};
/* End PBXResourcesBuildPhase section */

/* Begin PBXShellScriptBuildPhase section */
		0B6A446EDBB561D353157E26 /* [CP] Copy Pods Resources */ = {
			isa = PBXShellScriptBuildPhase;
			buildActionMask = 2147483647;
			files = (
			);
			inputPaths = (
			);
			name = "[CP] Copy Pods Resources";
			outputPaths = (
			);
			runOnlyForDeploymentPostprocessing = 0;
			shellPath = /bin/sh;
			shellScript = "\"${SRCROOT}/Pods/Target Support Files/Pods-SKFPicPreview_Tests/Pods-SKFPicPreview_Tests-resources.sh\"\n";
			showEnvVarsInLog = 0;
		};
		8CE932AE514A52AA5C1229FF /* [CP] Check Pods Manifest.lock */ = {
			isa = PBXShellScriptBuildPhase;
			buildActionMask = 2147483647;
			files = (
			);
			inputPaths = (
			);
			name = "[CP] Check Pods Manifest.lock";
			outputPaths = (
			);
			runOnlyForDeploymentPostprocessing = 0;
			shellPath = /bin/sh;
			shellScript = "diff \"${PODS_ROOT}/../Podfile.lock\" \"${PODS_ROOT}/Manifest.lock\" > /dev/null\nif [ $? != 0 ] ; then\n    # print error to STDERR\n    echo \"error: The sandbox is not in sync with the Podfile.lock. Run 'pod install' or update your CocoaPods installation.\" >&2\n    exit 1\nfi\n";
			showEnvVarsInLog = 0;
		};
		8D6ECB508DE6E118A2417F72 /* [CP] Embed Pods Frameworks */ = {
			isa = PBXShellScriptBuildPhase;
			buildActionMask = 2147483647;
			files = (
			);
			inputPaths = (
			);
			name = "[CP] Embed Pods Frameworks";
			outputPaths = (
			);
			runOnlyForDeploymentPostprocessing = 0;
			shellPath = /bin/sh;
			shellScript = "\"${SRCROOT}/Pods/Target Support Files/Pods-SKFPicPreview_Tests/Pods-SKFPicPreview_Tests-frameworks.sh\"\n";
			showEnvVarsInLog = 0;
		};
		B29F4D294AFA47CE0E6269C9 /* [CP] Check Pods Manifest.lock */ = {
			isa = PBXShellScriptBuildPhase;
			buildActionMask = 2147483647;
			files = (
			);
			inputPaths = (
			);
			name = "[CP] Check Pods Manifest.lock";
			outputPaths = (
			);
			runOnlyForDeploymentPostprocessing = 0;
			shellPath = /bin/sh;
			shellScript = "diff \"${PODS_ROOT}/../Podfile.lock\" \"${PODS_ROOT}/Manifest.lock\" > /dev/null\nif [ $? != 0 ] ; then\n    # print error to STDERR\n    echo \"error: The sandbox is not in sync with the Podfile.lock. Run 'pod install' or update your CocoaPods installation.\" >&2\n    exit 1\nfi\n";
			showEnvVarsInLog = 0;
		};
		E556ED1D84364A4B38B57205 /* [CP] Embed Pods Frameworks */ = {
			isa = PBXShellScriptBuildPhase;
			buildActionMask = 2147483647;
			files = (
			);
			inputPaths = (
			);
			name = "[CP] Embed Pods Frameworks";
			outputPaths = (
			);
			runOnlyForDeploymentPostprocessing = 0;
			shellPath = /bin/sh;
			shellScript = "\"${SRCROOT}/Pods/Target Support Files/Pods-SKFPicPreview_Example/Pods-SKFPicPreview_Example-frameworks.sh\"\n";
			showEnvVarsInLog = 0;
		};
		F6627CA8DE78019B8CF1FACC /* [CP] Copy Pods Resources */ = {
			isa = PBXShellScriptBuildPhase;
			buildActionMask = 2147483647;
			files = (
			);
			inputPaths = (
			);
			name = "[CP] Copy Pods Resources";
			outputPaths = (
			);
			runOnlyForDeploymentPostprocessing = 0;
			shellPath = /bin/sh;
			shellScript = "\"${SRCROOT}/Pods/Target Support Files/Pods-SKFPicPreview_Example/Pods-SKFPicPreview_Example-resources.sh\"\n";
			showEnvVarsInLog = 0;
		};
/* End PBXShellScriptBuildPhase section */

/* Begin PBXSourcesBuildPhase section */
		6003F586195388D20070C39A /* Sources */ = {
			isa = PBXSourcesBuildPhase;
			buildActionMask = 2147483647;
			files = (
				1DC876C61E79324B00F5C75A /* TOCropOverlayView.m in Sources */,
				1DC876CB1E79324B00F5C75A /* TOCropViewController.m in Sources */,
				1DC876981E79324300F5C75A /* SDWebImageDecoder.m in Sources */,
				1DC8769B1E79324300F5C75A /* SDWebImageManager.m in Sources */,
				1DC876951E79324300F5C75A /* NSData+ImageContentType.m in Sources */,
				1DC876971E79324300F5C75A /* SDWebImageCompat.m in Sources */,
				1DC876A31E79324300F5C75A /* UIView+WebCacheOperation.m in Sources */,
				1DC876A01E79324300F5C75A /* UIImage+WebP.m in Sources */,
				1DC876D51E7933B100F5C75A /* ViewController.m in Sources */,
				1DA897321E7A8E1B0073B8EC /* KFCollectionCellTwo.m in Sources */,
				6003F59E195388D20070C39A /* SKFAppDelegate.m in Sources */,
				1DC876A11E79324300F5C75A /* UIImageView+HighlightedWebCache.m in Sources */,
				1DC8769D1E79324300F5C75A /* UIButton+WebCache.m in Sources */,
				1DC8769C1E79324300F5C75A /* SDWebImagePrefetcher.m in Sources */,
				1DC876C51E79324B00F5C75A /* TOActivityCroppedImageProvider.m in Sources */,
				1DC8769A1E79324300F5C75A /* SDWebImageDownloaderOperation.m in Sources */,
				1DC876C71E79324B00F5C75A /* TOCroppedImageAttributes.m in Sources */,
				1DC876601E7931A300F5C75A /* KFCollectionCell.m in Sources */,
				1DC876CE1E79324B00F5C75A /* UIImage+CropRotate.m in Sources */,
				1DC8769F1E79324300F5C75A /* UIImage+MultiFormat.m in Sources */,
				1DC876641E7931B900F5C75A /* LxGridViewFlowLayout.m in Sources */,
				1DC876C91E79324B00F5C75A /* TOCropToolbar.m in Sources */,
				1DC876961E79324300F5C75A /* SDImageCache.m in Sources */,
				1DC876CD1E79324B00F5C75A /* TOCropViewControllerTransitioning.m in Sources */,
				1DC876C21E79324B00F5C75A /* LLSimpleCamera.m in Sources */,
				6003F59A195388D20070C39A /* main.m in Sources */,
				1DC876CA1E79324B00F5C75A /* TOCropView.m in Sources */,
				1DC876CF1E79324B00F5C75A /* UIImage+FixOrientation.m in Sources */,
				1DC876C11E79324B00F5C75A /* LLSimpleCamera+Helper.m in Sources */,
				1DC8769E1E79324300F5C75A /* UIImage+GIF.m in Sources */,
				1DC876991E79324300F5C75A /* SDWebImageDownloader.m in Sources */,
				1DC876C41E79324B00F5C75A /* SKFCamera.m in Sources */,
				1DC876A21E79324300F5C75A /* UIImageView+WebCache.m in Sources */,
				1DC876941E79324300F5C75A /* MKAnnotationView+WebCache.m in Sources */,
				1DC876C81E79324B00F5C75A /* TOCropScrollView.m in Sources */,
			);
			runOnlyForDeploymentPostprocessing = 0;
		};
		6003F5AA195388D20070C39A /* Sources */ = {
			isa = PBXSourcesBuildPhase;
			buildActionMask = 2147483647;
			files = (
				6003F5BC195388D20070C39A /* Tests.m in Sources */,
			);
			runOnlyForDeploymentPostprocessing = 0;
		};
/* End PBXSourcesBuildPhase section */

/* Begin PBXTargetDependency section */
		6003F5B4195388D20070C39A /* PBXTargetDependency */ = {
			isa = PBXTargetDependency;
			target = 6003F589195388D20070C39A /* SKFPicPreview_Example */;
			targetProxy = 6003F5B3195388D20070C39A /* PBXContainerItemProxy */;
		};
/* End PBXTargetDependency section */

/* Begin PBXVariantGroup section */
		6003F596195388D20070C39A /* InfoPlist.strings */ = {
			isa = PBXVariantGroup;
			children = (
				6003F597195388D20070C39A /* en */,
			);
			name = InfoPlist.strings;
			sourceTree = "<group>";
		};
		6003F5B8195388D20070C39A /* InfoPlist.strings */ = {
			isa = PBXVariantGroup;
			children = (
				6003F5B9195388D20070C39A /* en */,
			);
			name = InfoPlist.strings;
			sourceTree = "<group>";
		};
		71719F9D1E33DC2100824A3D /* LaunchScreen.storyboard */ = {
			isa = PBXVariantGroup;
			children = (
				71719F9E1E33DC2100824A3D /* Base */,
			);
			name = LaunchScreen.storyboard;
			sourceTree = "<group>";
		};
/* End PBXVariantGroup section */

/* Begin XCBuildConfiguration section */
		6003F5BD195388D20070C39A /* Debug */ = {
			isa = XCBuildConfiguration;
			buildSettings = {
				ALWAYS_SEARCH_USER_PATHS = NO;
				CLANG_CXX_LANGUAGE_STANDARD = "gnu++0x";
				CLANG_CXX_LIBRARY = "libc++";
				CLANG_ENABLE_MODULES = YES;
				CLANG_ENABLE_OBJC_ARC = YES;
				CLANG_WARN_BOOL_CONVERSION = YES;
				CLANG_WARN_CONSTANT_CONVERSION = YES;
				CLANG_WARN_DIRECT_OBJC_ISA_USAGE = YES_ERROR;
				CLANG_WARN_EMPTY_BODY = YES;
				CLANG_WARN_ENUM_CONVERSION = YES;
				CLANG_WARN_INT_CONVERSION = YES;
				CLANG_WARN_OBJC_ROOT_CLASS = YES_ERROR;
				CLANG_WARN__DUPLICATE_METHOD_MATCH = YES;
				"CODE_SIGN_IDENTITY[sdk=iphoneos*]" = "iPhone Developer";
				COPY_PHASE_STRIP = NO;
				ENABLE_TESTABILITY = YES;
				GCC_C_LANGUAGE_STANDARD = gnu99;
				GCC_DYNAMIC_NO_PIC = NO;
				GCC_OPTIMIZATION_LEVEL = 0;
				GCC_PREPROCESSOR_DEFINITIONS = (
					"DEBUG=1",
					"$(inherited)",
				);
				GCC_SYMBOLS_PRIVATE_EXTERN = NO;
				GCC_WARN_64_TO_32_BIT_CONVERSION = YES;
				GCC_WARN_ABOUT_RETURN_TYPE = YES_ERROR;
				GCC_WARN_UNDECLARED_SELECTOR = YES;
				GCC_WARN_UNINITIALIZED_AUTOS = YES_AGGRESSIVE;
				GCC_WARN_UNUSED_FUNCTION = YES;
				GCC_WARN_UNUSED_VARIABLE = YES;
				IPHONEOS_DEPLOYMENT_TARGET = 8.3;
				ONLY_ACTIVE_ARCH = YES;
				SDKROOT = iphoneos;
				TARGETED_DEVICE_FAMILY = "1,2";
			};
			name = Debug;
		};
		6003F5BE195388D20070C39A /* Release */ = {
			isa = XCBuildConfiguration;
			buildSettings = {
				ALWAYS_SEARCH_USER_PATHS = NO;
				CLANG_CXX_LANGUAGE_STANDARD = "gnu++0x";
				CLANG_CXX_LIBRARY = "libc++";
				CLANG_ENABLE_MODULES = YES;
				CLANG_ENABLE_OBJC_ARC = YES;
				CLANG_WARN_BOOL_CONVERSION = YES;
				CLANG_WARN_CONSTANT_CONVERSION = YES;
				CLANG_WARN_DIRECT_OBJC_ISA_USAGE = YES_ERROR;
				CLANG_WARN_EMPTY_BODY = YES;
				CLANG_WARN_ENUM_CONVERSION = YES;
				CLANG_WARN_INT_CONVERSION = YES;
				CLANG_WARN_OBJC_ROOT_CLASS = YES_ERROR;
				CLANG_WARN__DUPLICATE_METHOD_MATCH = YES;
				"CODE_SIGN_IDENTITY[sdk=iphoneos*]" = "iPhone Developer";
				COPY_PHASE_STRIP = YES;
				ENABLE_NS_ASSERTIONS = NO;
				GCC_C_LANGUAGE_STANDARD = gnu99;
				GCC_WARN_64_TO_32_BIT_CONVERSION = YES;
				GCC_WARN_ABOUT_RETURN_TYPE = YES_ERROR;
				GCC_WARN_UNDECLARED_SELECTOR = YES;
				GCC_WARN_UNINITIALIZED_AUTOS = YES_AGGRESSIVE;
				GCC_WARN_UNUSED_FUNCTION = YES;
				GCC_WARN_UNUSED_VARIABLE = YES;
				IPHONEOS_DEPLOYMENT_TARGET = 8.3;
				SDKROOT = iphoneos;
				TARGETED_DEVICE_FAMILY = "1,2";
				VALIDATE_PRODUCT = YES;
			};
			name = Release;
		};
		6003F5C0195388D20070C39A /* Debug */ = {
			isa = XCBuildConfiguration;
			baseConfigurationReference = 9F1237F6B34FD759DC8BB3ED /* Pods-SKFPicPreview_Example.debug.xcconfig */;
			buildSettings = {
				ASSETCATALOG_COMPILER_APPICON_NAME = AppIcon;
				DEVELOPMENT_TEAM = G5GYNRM6SE;
				GCC_PRECOMPILE_PREFIX_HEADER = YES;
				GCC_PREFIX_HEADER = "SKFPicPreview/SKFPicPreview-Prefix.pch";
				INFOPLIST_FILE = "SKFPicPreview/SKFPicPreview-Info.plist";
				IPHONEOS_DEPLOYMENT_TARGET = 8.0;
				MODULE_NAME = ExampleApp;
				PRODUCT_BUNDLE_IDENTIFIER = "org.cocoapods.demo.${PRODUCT_NAME:rfc1034identifier}";
				PRODUCT_NAME = "$(TARGET_NAME)";
				WRAPPER_EXTENSION = app;
			};
			name = Debug;
		};
		6003F5C1195388D20070C39A /* Release */ = {
			isa = XCBuildConfiguration;
			baseConfigurationReference = 6FFCB1FC79C7184B6EFE0804 /* Pods-SKFPicPreview_Example.release.xcconfig */;
			buildSettings = {
				ASSETCATALOG_COMPILER_APPICON_NAME = AppIcon;
				DEVELOPMENT_TEAM = G5GYNRM6SE;
				GCC_PRECOMPILE_PREFIX_HEADER = YES;
				GCC_PREFIX_HEADER = "SKFPicPreview/SKFPicPreview-Prefix.pch";
				INFOPLIST_FILE = "SKFPicPreview/SKFPicPreview-Info.plist";
				IPHONEOS_DEPLOYMENT_TARGET = 8.0;
				MODULE_NAME = ExampleApp;
				PRODUCT_BUNDLE_IDENTIFIER = "org.cocoapods.demo.${PRODUCT_NAME:rfc1034identifier}";
				PRODUCT_NAME = "$(TARGET_NAME)";
				WRAPPER_EXTENSION = app;
			};
			name = Release;
		};
		6003F5C3195388D20070C39A /* Debug */ = {
			isa = XCBuildConfiguration;
			baseConfigurationReference = 516A3539CEC5B093204A30C6 /* Pods-SKFPicPreview_Tests.debug.xcconfig */;
			buildSettings = {
				BUNDLE_LOADER = "$(TEST_HOST)";
				FRAMEWORK_SEARCH_PATHS = (
					"$(SDKROOT)/Developer/Library/Frameworks",
					"$(inherited)",
					"$(DEVELOPER_FRAMEWORKS_DIR)",
				);
				GCC_PRECOMPILE_PREFIX_HEADER = YES;
				GCC_PREFIX_HEADER = "Tests/Tests-Prefix.pch";
				GCC_PREPROCESSOR_DEFINITIONS = (
					"DEBUG=1",
					"$(inherited)",
				);
				INFOPLIST_FILE = "Tests/Tests-Info.plist";
				PRODUCT_BUNDLE_IDENTIFIER = "org.cocoapods.demo.${PRODUCT_NAME:rfc1034identifier}";
				PRODUCT_NAME = "$(TARGET_NAME)";
				TEST_HOST = "$(BUILT_PRODUCTS_DIR)/SKFPicPreview_Example.app/SKFPicPreview_Example";
				WRAPPER_EXTENSION = xctest;
			};
			name = Debug;
		};
		6003F5C4195388D20070C39A /* Release */ = {
			isa = XCBuildConfiguration;
			baseConfigurationReference = 87AFCC45D478602F9A502EFC /* Pods-SKFPicPreview_Tests.release.xcconfig */;
			buildSettings = {
				BUNDLE_LOADER = "$(TEST_HOST)";
				FRAMEWORK_SEARCH_PATHS = (
					"$(SDKROOT)/Developer/Library/Frameworks",
					"$(inherited)",
					"$(DEVELOPER_FRAMEWORKS_DIR)",
				);
				GCC_PRECOMPILE_PREFIX_HEADER = YES;
				GCC_PREFIX_HEADER = "Tests/Tests-Prefix.pch";
				INFOPLIST_FILE = "Tests/Tests-Info.plist";
				PRODUCT_BUNDLE_IDENTIFIER = "org.cocoapods.demo.${PRODUCT_NAME:rfc1034identifier}";
				PRODUCT_NAME = "$(TARGET_NAME)";
				TEST_HOST = "$(BUILT_PRODUCTS_DIR)/SKFPicPreview_Example.app/SKFPicPreview_Example";
				WRAPPER_EXTENSION = xctest;
			};
			name = Release;
		};
/* End XCBuildConfiguration section */

/* Begin XCConfigurationList section */
		6003F585195388D10070C39A /* Build configuration list for PBXProject "SKFPicPreview" */ = {
			isa = XCConfigurationList;
			buildConfigurations = (
				6003F5BD195388D20070C39A /* Debug */,
				6003F5BE195388D20070C39A /* Release */,
			);
			defaultConfigurationIsVisible = 0;
			defaultConfigurationName = Release;
		};
		6003F5BF195388D20070C39A /* Build configuration list for PBXNativeTarget "SKFPicPreview_Example" */ = {
			isa = XCConfigurationList;
			buildConfigurations = (
				6003F5C0195388D20070C39A /* Debug */,
				6003F5C1195388D20070C39A /* Release */,
			);
			defaultConfigurationIsVisible = 0;
			defaultConfigurationName = Release;
		};
		6003F5C2195388D20070C39A /* Build configuration list for PBXNativeTarget "SKFPicPreview_Tests" */ = {
			isa = XCConfigurationList;
			buildConfigurations = (
				6003F5C3195388D20070C39A /* Debug */,
				6003F5C4195388D20070C39A /* Release */,
			);
			defaultConfigurationIsVisible = 0;
			defaultConfigurationName = Release;
		};
/* End XCConfigurationList section */
	};
	rootObject = 6003F582195388D10070C39A /* Project object */;
}
